
Microsoft Visual Studio Solution File, Format Version 12.00
# Visual Studio 15
VisualStudioVersion = 15.0.27205.2004
MinimumVisualStudioVersion = 10.0.40219.1
Project("{FAE04EC0-301F-11D3-BF4B-00C04F79EFBC}") = "ExtensionMethods2", "ExtensionMethods2\ExtensionMethods2.csproj", "{D4BC76AD-5BA6-4BF5-A0B7-49E12C6380AB}"
EndProject
Global
	GlobalSection(SolutionConfigurationPlatforms) = preSolution
		Debug|Any CPU = Debug|Any CPU
		Release|Any CPU = Release|Any CPU
	EndGlobalSection
	GlobalSection(ProjectConfigurationPlatforms) = postSolution
		{D4BC76AD-5BA6-4BF5-A0B7-49E12C6380AB}.Debug|Any CPU.ActiveCfg = Debug|Any CPU
		{D4BC76AD-5BA6-4BF5-A0B7-49E12C6380AB}.Debug|Any CPU.Build.0 = Debug|Any CPU
		{D4BC76AD-5BA6-4BF5-A0B7-49E12C6380AB}.Release|Any CPU.ActiveCfg = Release|Any CPU
		{D4BC76AD-5BA6-4BF5-A0B7-49E12C6380AB}.Release|Any CPU.Build.0 = Release|Any CPU
	EndGlobalSection
	GlobalSection(SolutionProperties) = preSolution
		HideSolutionNode = FALSE
	EndGlobalSection
	GlobalSection(ExtensibilityGlobals) = postSolution
		SolutionGuid = {55461D41-614B-4E53-ADD2-7E62E9B18CEE}
	EndGlobalSection
EndGlobal
