
Microsoft Visual Studio Solution File, Format Version 12.00
# Visual Studio 15
VisualStudioVersion = 15.0.27205.0
MinimumVisualStudioVersion = 10.0.40219.1
Project("{FAE04EC0-301F-11D3-BF4B-00C04F79EFBC}") = "InterfaceInstantiation", "InterfaceInstantiation\InterfaceInstantiation.csproj", "{64C41DF7-7726-44E8-BD7A-62A6203F51BC}"
EndProject
Global
	GlobalSection(SolutionConfigurationPlatforms) = preSolution
		Debug|Any CPU = Debug|Any CPU
		Release|Any CPU = Release|Any CPU
	EndGlobalSection
	GlobalSection(ProjectConfigurationPlatforms) = postSolution
		{64C41DF7-7726-44E8-BD7A-62A6203F51BC}.Debug|Any CPU.ActiveCfg = Debug|Any CPU
		{64C41DF7-7726-44E8-BD7A-62A6203F51BC}.Debug|Any CPU.Build.0 = Debug|Any CPU
		{64C41DF7-7726-44E8-BD7A-62A6203F51BC}.Release|Any CPU.ActiveCfg = Release|Any CPU
		{64C41DF7-7726-44E8-BD7A-62A6203F51BC}.Release|Any CPU.Build.0 = Release|Any CPU
	EndGlobalSection
	GlobalSection(SolutionProperties) = preSolution
		HideSolutionNode = FALSE
	EndGlobalSection
	GlobalSection(ExtensibilityGlobals) = postSolution
		SolutionGuid = {475A7727-E427-4D86-BE17-91C85CDAF93D}
	EndGlobalSection
EndGlobal
