
Microsoft Visual Studio Solution File, Format Version 12.00
# Visual Studio 15
VisualStudioVersion = 15.0.27205.2004
MinimumVisualStudioVersion = 10.0.40219.1
Project("{FAE04EC0-301F-11D3-BF4B-00C04F79EFBC}") = "SealClass", "SealClass\SealClass.csproj", "{7EBBA000-AEB7-49E6-B593-EBEA19020759}"
EndProject
Global
	GlobalSection(SolutionConfigurationPlatforms) = preSolution
		Debug|Any CPU = Debug|Any CPU
		Release|Any CPU = Release|Any CPU
	EndGlobalSection
	GlobalSection(ProjectConfigurationPlatforms) = postSolution
		{7EBBA000-AEB7-49E6-B593-EBEA19020759}.Debug|Any CPU.ActiveCfg = Debug|Any CPU
		{7EBBA000-AEB7-49E6-B593-EBEA19020759}.Debug|Any CPU.Build.0 = Debug|Any CPU
		{7EBBA000-AEB7-49E6-B593-EBEA19020759}.Release|Any CPU.ActiveCfg = Release|Any CPU
		{7EBBA000-AEB7-49E6-B593-EBEA19020759}.Release|Any CPU.Build.0 = Release|Any CPU
	EndGlobalSection
	GlobalSection(SolutionProperties) = preSolution
		HideSolutionNode = FALSE
	EndGlobalSection
	GlobalSection(ExtensibilityGlobals) = postSolution
		SolutionGuid = {5A3AE699-EB9B-4D01-A8AE-79C03702428F}
	EndGlobalSection
EndGlobal
